
Microsoft Visual Studio Solution File, Format Version 12.00
# Visual Studio 14
VisualStudioVersion = 14.0.25420.1
MinimumVisualStudioVersion = 10.0.40219.1
Project("{2150E333-8FDC-42A3-9474-1A3956D46DE8}") = "Solution Items", "Solution Items", "{DC3667E2-5308-455C-BC32-BAF8E0615ADF}"
	ProjectSection(SolutionItems) = preProject
		SFS.ServiceDesk.sfssln = SFS.ServiceDesk.sfssln
	EndProjectSection
EndProject
Project("{2150E333-8FDC-42A3-9474-1A3956D46DE8}") = "Library", "Library", "{24CA0614-46DD-4C9E-885E-FE2A5E507AB8}"
EndProject
Project("{2150E333-8FDC-42A3-9474-1A3956D46DE8}") = "CORE", "CORE", "{3710733B-2D44-4A1C-B802-D6C3082DF182}"
EndProject
Project("{2150E333-8FDC-42A3-9474-1A3956D46DE8}") = "FRONT", "FRONT", "{172E5CFA-DABF-4DEB-8521-CD8840A06D33}"
EndProject
Project("{2150E333-8FDC-42A3-9474-1A3956D46DE8}") = "TESTS", "TESTS", "{4543CEF4-E269-443B-83FB-0C05C0BC1D44}"
EndProject
Project("{2150E333-8FDC-42A3-9474-1A3956D46DE8}") = "BO", "BO", "{FA596927-1C23-4B37-B4F6-076CFFDCC9EA}"
EndProject
Project("{2150E333-8FDC-42A3-9474-1A3956D46DE8}") = "BR", "BR", "{EC161BA3-B49E-401D-B192-6C59D2087AC7}"
EndProject
Project("{FAE04EC0-301F-11D3-BF4B-00C04F79EFBC}") = "SFS.ServiceDesk.BusinessObjects", "PROJECTS\SFS.ServiceDesk.BusinessObjects\SFS.ServiceDesk.BusinessObjects.csproj", "{83CEF69D-2997-4CAF-A9B0-5F0343E65746}"
EndProject
Project("{FAE04EC0-301F-11D3-BF4B-00C04F79EFBC}") = "SFS.ServiceDesk.BR", "PROJECTS\SFS.ServiceDesk.BR\SFS.ServiceDesk.BR.csproj", "{3938E133-852D-4B4A-A4F0-1B930DB88891}"
EndProject
Project("{FAE04EC0-301F-11D3-BF4B-00C04F79EFBC}") = "SFS.ServiceDesk.Web.Mvc", "PROJECTS\SFS.ServiceDesk.Web.Mvc\SFS.ServiceDesk.Web.Mvc.csproj", "{633D2EEE-39E2-496E-B866-0A017A2F2497}"
EndProject
Project("{FAE04EC0-301F-11D3-BF4B-00C04F79EFBC}") = "SFS.ServiceDesk.BusinessObjects.EF", "PROJECTS\SFS.ServiceDesk.BusinessObjects.EF\SFS.ServiceDesk.BusinessObjects.EF.csproj", "{21EAD075-2AF8-4416-AB7D-28EAD0502EA4}"
EndProject
Project("{FAE04EC0-301F-11D3-BF4B-00C04F79EFBC}") = "SFS.ServiceDesk.Tests", "PROJECTS\SFS.ServiceDesk.Tests\SFS.ServiceDesk.Tests.csproj", "{E87D0BD5-0EE8-47D6-9F8D-B4891B4247ED}"
EndProject
Global
	GlobalSection(SolutionConfigurationPlatforms) = preSolution
		Debug|Any CPU = Debug|Any CPU
		Release|Any CPU = Release|Any CPU
	EndGlobalSection
	GlobalSection(ProjectConfigurationPlatforms) = postSolution
		{83CEF69D-2997-4CAF-A9B0-5F0343E65746}.Debug|Any CPU.ActiveCfg = Debug|Any CPU
		{83CEF69D-2997-4CAF-A9B0-5F0343E65746}.Debug|Any CPU.Build.0 = Debug|Any CPU
		{83CEF69D-2997-4CAF-A9B0-5F0343E65746}.Release|Any CPU.ActiveCfg = Release|Any CPU
		{83CEF69D-2997-4CAF-A9B0-5F0343E65746}.Release|Any CPU.Build.0 = Release|Any CPU
		{3938E133-852D-4B4A-A4F0-1B930DB88891}.Debug|Any CPU.ActiveCfg = Debug|Any CPU
		{3938E133-852D-4B4A-A4F0-1B930DB88891}.Debug|Any CPU.Build.0 = Debug|Any CPU
		{3938E133-852D-4B4A-A4F0-1B930DB88891}.Release|Any CPU.ActiveCfg = Release|Any CPU
		{3938E133-852D-4B4A-A4F0-1B930DB88891}.Release|Any CPU.Build.0 = Release|Any CPU
		{633D2EEE-39E2-496E-B866-0A017A2F2497}.Debug|Any CPU.ActiveCfg = Debug|Any CPU
		{633D2EEE-39E2-496E-B866-0A017A2F2497}.Debug|Any CPU.Build.0 = Debug|Any CPU
		{633D2EEE-39E2-496E-B866-0A017A2F2497}.Release|Any CPU.ActiveCfg = Release|Any CPU
		{633D2EEE-39E2-496E-B866-0A017A2F2497}.Release|Any CPU.Build.0 = Release|Any CPU
		{21EAD075-2AF8-4416-AB7D-28EAD0502EA4}.Debug|Any CPU.ActiveCfg = Debug|Any CPU
		{21EAD075-2AF8-4416-AB7D-28EAD0502EA4}.Debug|Any CPU.Build.0 = Debug|Any CPU
		{21EAD075-2AF8-4416-AB7D-28EAD0502EA4}.Release|Any CPU.ActiveCfg = Release|Any CPU
		{21EAD075-2AF8-4416-AB7D-28EAD0502EA4}.Release|Any CPU.Build.0 = Release|Any CPU
		{E87D0BD5-0EE8-47D6-9F8D-B4891B4247ED}.Debug|Any CPU.ActiveCfg = Debug|Any CPU
		{E87D0BD5-0EE8-47D6-9F8D-B4891B4247ED}.Debug|Any CPU.Build.0 = Debug|Any CPU
		{E87D0BD5-0EE8-47D6-9F8D-B4891B4247ED}.Release|Any CPU.ActiveCfg = Release|Any CPU
		{E87D0BD5-0EE8-47D6-9F8D-B4891B4247ED}.Release|Any CPU.Build.0 = Release|Any CPU
	EndGlobalSection
	GlobalSection(SolutionProperties) = preSolution
		HideSolutionNode = FALSE
	EndGlobalSection
	GlobalSection(NestedProjects) = preSolution
		{FA596927-1C23-4B37-B4F6-076CFFDCC9EA} = {3710733B-2D44-4A1C-B802-D6C3082DF182}
		{EC161BA3-B49E-401D-B192-6C59D2087AC7} = {3710733B-2D44-4A1C-B802-D6C3082DF182}
		{83CEF69D-2997-4CAF-A9B0-5F0343E65746} = {FA596927-1C23-4B37-B4F6-076CFFDCC9EA}
		{3938E133-852D-4B4A-A4F0-1B930DB88891} = {EC161BA3-B49E-401D-B192-6C59D2087AC7}
		{633D2EEE-39E2-496E-B866-0A017A2F2497} = {172E5CFA-DABF-4DEB-8521-CD8840A06D33}
		{21EAD075-2AF8-4416-AB7D-28EAD0502EA4} = {FA596927-1C23-4B37-B4F6-076CFFDCC9EA}
		{E87D0BD5-0EE8-47D6-9F8D-B4891B4247ED} = {4543CEF4-E269-443B-83FB-0C05C0BC1D44}
	EndGlobalSection
EndGlobal
